
Microsoft Visual Studio Solution File, Format Version 12.00
# Visual Studio Version 17
VisualStudioVersion = 17.9.34622.214
MinimumVisualStudioVersion = 10.0.40219.1
Project("{FAE04EC0-301F-11D3-BF4B-00C04F79EFBC}") = "ZoningToolkit", "ZoningToolkit.csproj", "{52582313-2D79-4FD5-BE14-2E9F594B6E4D}"
EndProject
Global
	GlobalSection(SolutionConfigurationPlatforms) = preSolution
		Debug|Any CPU = Debug|Any CPU
		Release|Any CPU = Release|Any CPU
	EndGlobalSection
	GlobalSection(ProjectConfigurationPlatforms) = postSolution
		{52582313-2D79-4FD5-BE14-2E9F594B6E4D}.Debug|Any CPU.ActiveCfg = Debug|Any CPU
		{52582313-2D79-4FD5-BE14-2E9F594B6E4D}.Debug|Any CPU.Build.0 = Debug|Any CPU
		{52582313-2D79-4FD5-BE14-2E9F594B6E4D}.Release|Any CPU.ActiveCfg = Release|Any CPU
		{52582313-2D79-4FD5-BE14-2E9F594B6E4D}.Release|Any CPU.Build.0 = Release|Any CPU
	EndGlobalSection
	GlobalSection(SolutionProperties) = preSolution
		HideSolutionNode = FALSE
	EndGlobalSection
	GlobalSection(ExtensibilityGlobals) = postSolution
		SolutionGuid = {56801590-9C5B-426F-B4C4-C53207C50D66}
	EndGlobalSection
EndGlobal
